
Microsoft Visual Studio Solution File, Format Version 12.00
# Visual Studio Version 16
VisualStudioVersion = 16.0.31005.135
MinimumVisualStudioVersion = 10.0.40219.1
Project("{FAE04EC0-301F-11D3-BF4B-00C04F79EFBC}") = "TestWpf", "TestWpf\TestWpf.csproj", "{F757C27F-A715-4657-99C6-055B2818C522}"
EndProject
Global
	GlobalSection(SolutionConfigurationPlatforms) = preSolution
		Debug|Any CPU = Debug|Any CPU
		Release|Any CPU = Release|Any CPU
	EndGlobalSection
	GlobalSection(ProjectConfigurationPlatforms) = postSolution
		{F757C27F-A715-4657-99C6-055B2818C522}.Debug|Any CPU.ActiveCfg = Debug|Any CPU
		{F757C27F-A715-4657-99C6-055B2818C522}.Debug|Any CPU.Build.0 = Debug|Any CPU
		{F757C27F-A715-4657-99C6-055B2818C522}.Release|Any CPU.ActiveCfg = Release|Any CPU
		{F757C27F-A715-4657-99C6-055B2818C522}.Release|Any CPU.Build.0 = Release|Any CPU
	EndGlobalSection
	GlobalSection(SolutionProperties) = preSolution
		HideSolutionNode = FALSE
	EndGlobalSection
	GlobalSection(ExtensibilityGlobals) = postSolution
		SolutionGuid = {BF2D3278-ABB7-4721-8527-C0B059DEDA03}
	EndGlobalSection
EndGlobal
